
Microsoft Visual Studio Solution File, Format Version 12.00
# Visual Studio Version 17
VisualStudioVersion = 17.13.35913.81 d17.13
MinimumVisualStudioVersion = 10.0.40219.1
Project("{FAE04EC0-301F-11D3-BF4B-00C04F79EFBC}") = "API-Search", "API-Search\API-Search.csproj", "{5E204F04-DDCA-4155-ACC5-FC605247691E}"
EndProject
Project("{FAE04EC0-301F-11D3-BF4B-00C04F79EFBC}") = "Application", "Application\Application.csproj", "{CFF3ED60-5598-4ED6-97F5-7BDDF03D4C40}"
EndProject
Project("{FAE04EC0-301F-11D3-BF4B-00C04F79EFBC}") = "Domain", "Domain\Domain.csproj", "{12F6B0BC-F18F-49A3-9950-155E648E77B8}"
EndProject
Project("{FAE04EC0-301F-11D3-BF4B-00C04F79EFBC}") = "Incoming", "Incoming\Incoming.csproj", "{507F23CC-31DC-4C8F-86D2-1F22E8FA8DE3}"
EndProject
Project("{FAE04EC0-301F-11D3-BF4B-00C04F79EFBC}") = "Infrastructure", "Infrastructure\Infrastructure.csproj", "{83561681-990A-454A-87CD-950E8C0F3AFB}"
EndProject
Global
	GlobalSection(SolutionConfigurationPlatforms) = preSolution
		Debug|Any CPU = Debug|Any CPU
		Release|Any CPU = Release|Any CPU
	EndGlobalSection
	GlobalSection(ProjectConfigurationPlatforms) = postSolution
		{5E204F04-DDCA-4155-ACC5-FC605247691E}.Debug|Any CPU.ActiveCfg = Debug|Any CPU
		{5E204F04-DDCA-4155-ACC5-FC605247691E}.Debug|Any CPU.Build.0 = Debug|Any CPU
		{5E204F04-DDCA-4155-ACC5-FC605247691E}.Release|Any CPU.ActiveCfg = Release|Any CPU
		{5E204F04-DDCA-4155-ACC5-FC605247691E}.Release|Any CPU.Build.0 = Release|Any CPU
		{CFF3ED60-5598-4ED6-97F5-7BDDF03D4C40}.Debug|Any CPU.ActiveCfg = Debug|Any CPU
		{CFF3ED60-5598-4ED6-97F5-7BDDF03D4C40}.Debug|Any CPU.Build.0 = Debug|Any CPU
		{CFF3ED60-5598-4ED6-97F5-7BDDF03D4C40}.Release|Any CPU.ActiveCfg = Release|Any CPU
		{CFF3ED60-5598-4ED6-97F5-7BDDF03D4C40}.Release|Any CPU.Build.0 = Release|Any CPU
		{12F6B0BC-F18F-49A3-9950-155E648E77B8}.Debug|Any CPU.ActiveCfg = Debug|Any CPU
		{12F6B0BC-F18F-49A3-9950-155E648E77B8}.Debug|Any CPU.Build.0 = Debug|Any CPU
		{12F6B0BC-F18F-49A3-9950-155E648E77B8}.Release|Any CPU.ActiveCfg = Release|Any CPU
		{12F6B0BC-F18F-49A3-9950-155E648E77B8}.Release|Any CPU.Build.0 = Release|Any CPU
		{507F23CC-31DC-4C8F-86D2-1F22E8FA8DE3}.Debug|Any CPU.ActiveCfg = Debug|Any CPU
		{507F23CC-31DC-4C8F-86D2-1F22E8FA8DE3}.Debug|Any CPU.Build.0 = Debug|Any CPU
		{507F23CC-31DC-4C8F-86D2-1F22E8FA8DE3}.Release|Any CPU.ActiveCfg = Release|Any CPU
		{507F23CC-31DC-4C8F-86D2-1F22E8FA8DE3}.Release|Any CPU.Build.0 = Release|Any CPU
		{83561681-990A-454A-87CD-950E8C0F3AFB}.Debug|Any CPU.ActiveCfg = Debug|Any CPU
		{83561681-990A-454A-87CD-950E8C0F3AFB}.Debug|Any CPU.Build.0 = Debug|Any CPU
		{83561681-990A-454A-87CD-950E8C0F3AFB}.Release|Any CPU.ActiveCfg = Release|Any CPU
		{83561681-990A-454A-87CD-950E8C0F3AFB}.Release|Any CPU.Build.0 = Release|Any CPU
	EndGlobalSection
	GlobalSection(SolutionProperties) = preSolution
		HideSolutionNode = FALSE
	EndGlobalSection
	GlobalSection(ExtensibilityGlobals) = postSolution
		SolutionGuid = {EA21C313-641F-446A-A2A7-6FBD41942BA9}
	EndGlobalSection
EndGlobal
